
Microsoft Visual Studio Solution File, Format Version 12.00
# Visual Studio Version 17
VisualStudioVersion = 17.6.33829.357
MinimumVisualStudioVersion = 10.0.40219.1
Project("{9A19103F-16F7-4668-BE54-9A1E7A4F7556}") = "ACS_Core_Api", "ACS_Core_Api\ACS_Core_Api.csproj", "{CC96011E-EF15-410B-BC8A-2C3F4665D7A4}"
EndProject
Project("{2150E333-8FDC-42A3-9474-1A3956D46DE8}") = "Domain", "Domain", "{7DD5F20F-98D3-4C5B-9A9A-F65E5EE5A54A}"
EndProject
Project("{9A19103F-16F7-4668-BE54-9A1E7A4F7556}") = "ACS.Domain", "ACS.Domain\ACS.Domain.csproj", "{E3941E7D-3E62-4DF0-AF2C-1BB86EBF53DA}"
EndProject
Project("{2150E333-8FDC-42A3-9474-1A3956D46DE8}") = "BusinessLayer", "BusinessLayer", "{1504CEA4-2591-4C81-A0F2-E3C03B031870}"
EndProject
Project("{9A19103F-16F7-4668-BE54-9A1E7A4F7556}") = "ACS.Business.Core", "ACS.Business.Core\ACS.Business.Core.csproj", "{923C5A41-3AD3-4853-B967-0B4876BABF44}"
EndProject
Project("{2150E333-8FDC-42A3-9474-1A3956D46DE8}") = "Data", "Data", "{7AD37172-354B-4C84-886D-27F0553BAD4B}"
EndProject
Project("{9A19103F-16F7-4668-BE54-9A1E7A4F7556}") = "Infrastructure", "Infrastructure\Infrastructure.csproj", "{4F54BC27-6C44-4632-9B5C-9ABF708AF5ED}"
EndProject
Project("{FAE04EC0-301F-11D3-BF4B-00C04F79EFBC}") = "ACS_ChatApp", "ACS_ChatApp\ACS_ChatApp.csproj", "{1FEAA4D6-F70C-4CAC-9837-1B2A63648971}"
EndProject
Global
	GlobalSection(SolutionConfigurationPlatforms) = preSolution
		Debug|Any CPU = Debug|Any CPU
		Release|Any CPU = Release|Any CPU
	EndGlobalSection
	GlobalSection(ProjectConfigurationPlatforms) = postSolution
		{CC96011E-EF15-410B-BC8A-2C3F4665D7A4}.Debug|Any CPU.ActiveCfg = Debug|Any CPU
		{CC96011E-EF15-410B-BC8A-2C3F4665D7A4}.Debug|Any CPU.Build.0 = Debug|Any CPU
		{CC96011E-EF15-410B-BC8A-2C3F4665D7A4}.Release|Any CPU.ActiveCfg = Release|Any CPU
		{CC96011E-EF15-410B-BC8A-2C3F4665D7A4}.Release|Any CPU.Build.0 = Release|Any CPU
		{E3941E7D-3E62-4DF0-AF2C-1BB86EBF53DA}.Debug|Any CPU.ActiveCfg = Debug|Any CPU
		{E3941E7D-3E62-4DF0-AF2C-1BB86EBF53DA}.Debug|Any CPU.Build.0 = Debug|Any CPU
		{E3941E7D-3E62-4DF0-AF2C-1BB86EBF53DA}.Release|Any CPU.ActiveCfg = Release|Any CPU
		{E3941E7D-3E62-4DF0-AF2C-1BB86EBF53DA}.Release|Any CPU.Build.0 = Release|Any CPU
		{923C5A41-3AD3-4853-B967-0B4876BABF44}.Debug|Any CPU.ActiveCfg = Debug|Any CPU
		{923C5A41-3AD3-4853-B967-0B4876BABF44}.Debug|Any CPU.Build.0 = Debug|Any CPU
		{923C5A41-3AD3-4853-B967-0B4876BABF44}.Release|Any CPU.ActiveCfg = Release|Any CPU
		{923C5A41-3AD3-4853-B967-0B4876BABF44}.Release|Any CPU.Build.0 = Release|Any CPU
		{4F54BC27-6C44-4632-9B5C-9ABF708AF5ED}.Debug|Any CPU.ActiveCfg = Debug|Any CPU
		{4F54BC27-6C44-4632-9B5C-9ABF708AF5ED}.Debug|Any CPU.Build.0 = Debug|Any CPU
		{4F54BC27-6C44-4632-9B5C-9ABF708AF5ED}.Release|Any CPU.ActiveCfg = Release|Any CPU
		{4F54BC27-6C44-4632-9B5C-9ABF708AF5ED}.Release|Any CPU.Build.0 = Release|Any CPU
		{1FEAA4D6-F70C-4CAC-9837-1B2A63648971}.Debug|Any CPU.ActiveCfg = Debug|Any CPU
		{1FEAA4D6-F70C-4CAC-9837-1B2A63648971}.Debug|Any CPU.Build.0 = Debug|Any CPU
		{1FEAA4D6-F70C-4CAC-9837-1B2A63648971}.Debug|Any CPU.Deploy.0 = Debug|Any CPU
		{1FEAA4D6-F70C-4CAC-9837-1B2A63648971}.Release|Any CPU.ActiveCfg = Release|Any CPU
		{1FEAA4D6-F70C-4CAC-9837-1B2A63648971}.Release|Any CPU.Build.0 = Release|Any CPU
		{1FEAA4D6-F70C-4CAC-9837-1B2A63648971}.Release|Any CPU.Deploy.0 = Release|Any CPU
	EndGlobalSection
	GlobalSection(SolutionProperties) = preSolution
		HideSolutionNode = FALSE
	EndGlobalSection
	GlobalSection(NestedProjects) = preSolution
		{E3941E7D-3E62-4DF0-AF2C-1BB86EBF53DA} = {7DD5F20F-98D3-4C5B-9A9A-F65E5EE5A54A}
		{923C5A41-3AD3-4853-B967-0B4876BABF44} = {1504CEA4-2591-4C81-A0F2-E3C03B031870}
		{4F54BC27-6C44-4632-9B5C-9ABF708AF5ED} = {7AD37172-354B-4C84-886D-27F0553BAD4B}
	EndGlobalSection
	GlobalSection(ExtensibilityGlobals) = postSolution
		SolutionGuid = {BDF6CD96-6492-4A4F-83A0-CC413A615BDA}
	EndGlobalSection
EndGlobal
